
Microsoft Visual Studio Solution File, Format Version 12.00
# Visual Studio Version 16
VisualStudioVersion = 16.0.30907.101
MinimumVisualStudioVersion = 10.0.40219.1
Project("{FAE04EC0-301F-11D3-BF4B-00C04F79EFBC}") = "MovieNightWeb", "MovieNightWeb\MovieNightWeb.csproj", "{3E17E369-8B0A-461B-ACF0-69AC7155034E}"
EndProject
Global
	GlobalSection(SolutionConfigurationPlatforms) = preSolution
		Debug|Any CPU = Debug|Any CPU
		Release|Any CPU = Release|Any CPU
	EndGlobalSection
	GlobalSection(ProjectConfigurationPlatforms) = postSolution
		{3E17E369-8B0A-461B-ACF0-69AC7155034E}.Debug|Any CPU.ActiveCfg = Debug|Any CPU
		{3E17E369-8B0A-461B-ACF0-69AC7155034E}.Debug|Any CPU.Build.0 = Debug|Any CPU
		{3E17E369-8B0A-461B-ACF0-69AC7155034E}.Release|Any CPU.ActiveCfg = Release|Any CPU
		{3E17E369-8B0A-461B-ACF0-69AC7155034E}.Release|Any CPU.Build.0 = Release|Any CPU
	EndGlobalSection
	GlobalSection(SolutionProperties) = preSolution
		HideSolutionNode = FALSE
	EndGlobalSection
	GlobalSection(ExtensibilityGlobals) = postSolution
		SolutionGuid = {F70BADA7-A065-4C48-BD23-EADE73AD25A8}
	EndGlobalSection
EndGlobal
